
Microsoft Visual Studio Solution File, Format Version 12.00
# Visual Studio Version 17
VisualStudioVersion = 17.6.33723.286
MinimumVisualStudioVersion = 10.0.40219.1
Project("{FAE04EC0-301F-11D3-BF4B-00C04F79EFBC}") = "VoicePay", "VoicePay\VoicePay.csproj", "{CD9332D5-1792-4B0E-9727-D752CFB686E2}"
EndProject
Global
	GlobalSection(SolutionConfigurationPlatforms) = preSolution
		Debug|Any CPU = Debug|Any CPU
		Release|Any CPU = Release|Any CPU
	EndGlobalSection
	GlobalSection(ProjectConfigurationPlatforms) = postSolution
		{CD9332D5-1792-4B0E-9727-D752CFB686E2}.Debug|Any CPU.ActiveCfg = Debug|Any CPU
		{CD9332D5-1792-4B0E-9727-D752CFB686E2}.Debug|Any CPU.Build.0 = Debug|Any CPU
		{CD9332D5-1792-4B0E-9727-D752CFB686E2}.Release|Any CPU.ActiveCfg = Release|Any CPU
		{CD9332D5-1792-4B0E-9727-D752CFB686E2}.Release|Any CPU.Build.0 = Release|Any CPU
	EndGlobalSection
	GlobalSection(SolutionProperties) = preSolution
		HideSolutionNode = FALSE
	EndGlobalSection
	GlobalSection(ExtensibilityGlobals) = postSolution
		SolutionGuid = {F7B5B462-1F24-49C5-8DC2-14F7CC12FF13}
	EndGlobalSection
EndGlobal
